// !$*UTF8*$!
{
	archiveVersion = 1;
	classes = {
	};
	objectVersion = 55;
	objects = {

/* Begin PBXBuildFile section */
		A5684F672898C47500CAA2F3 /* AppDelegate.swift in Sources */ = {isa = PBXBuildFile; fileRef = A5684F662898C47500CAA2F3 /* AppDelegate.swift */; };
		A5684F692898C47500CAA2F3 /* SceneDelegate.swift in Sources */ = {isa = PBXBuildFile; fileRef = A5684F682898C47500CAA2F3 /* SceneDelegate.swift */; };
		A5684F6B2898C47500CAA2F3 /* ViewController.swift in Sources */ = {isa = PBXBuildFile; fileRef = A5684F6A2898C47500CAA2F3 /* ViewController.swift */; };
		A5684F702898C47700CAA2F3 /* Assets.xcassets in Resources */ = {isa = PBXBuildFile; fileRef = A5684F6F2898C47700CAA2F3 /* Assets.xcassets */; };
		A5684F732898C47700CAA2F3 /* LaunchScreen.storyboard in Resources */ = {isa = PBXBuildFile; fileRef = A5684F712898C47700CAA2F3 /* LaunchScreen.storyboard */; };
		A5684F7E2898C47700CAA2F3 /* ScrollViewviaCodeTests.swift in Sources */ = {isa = PBXBuildFile; fileRef = A5684F7D2898C47700CAA2F3 /* ScrollViewviaCodeTests.swift */; };
		A5684F882898C47700CAA2F3 /* ScrollViewviaCodeUITests.swift in Sources */ = {isa = PBXBuildFile; fileRef = A5684F872898C47700CAA2F3 /* ScrollViewviaCodeUITests.swift */; };
		A5684F8A2898C47700CAA2F3 /* ScrollViewviaCodeUITestsLaunchTests.swift in Sources */ = {isa = PBXBuildFile; fileRef = A5684F892898C47700CAA2F3 /* ScrollViewviaCodeUITestsLaunchTests.swift */; };
/* End PBXBuildFile section */

/* Begin PBXContainerItemProxy section */
		A5684F7A2898C47700CAA2F3 /* PBXContainerItemProxy */ = {
			isa = PBXContainerItemProxy;
			containerPortal = A5684F5B2898C47500CAA2F3 /* Project object */;
			proxyType = 1;
			remoteGlobalIDString = A5684F622898C47500CAA2F3;
			remoteInfo = ScrollViewviaCode;
		};
		A5684F842898C47700CAA2F3 /* PBXContainerItemProxy */ = {
			isa = PBXContainerItemProxy;
			containerPortal = A5684F5B2898C47500CAA2F3 /* Project object */;
			proxyType = 1;
			remoteGlobalIDString = A5684F622898C47500CAA2F3;
			remoteInfo = ScrollViewviaCode;
		};
/* End PBXContainerItemProxy section */

/* Begin PBXFileReference section */
		A5684F632898C47500CAA2F3 /* ScrollViewviaCode.app */ = {isa = PBXFileReference; explicitFileType = wrapper.application; includeInIndex = 0; path = ScrollViewviaCode.app; sourceTree = BUILT_PRODUCTS_DIR; };
		A5684F662898C47500CAA2F3 /* AppDelegate.swift */ = {isa = PBXFileReference; lastKnownFileType = sourcecode.swift; path = AppDelegate.swift; sourceTree = "<group>"; };
		A5684F682898C47500CAA2F3 /* SceneDelegate.swift */ = {isa = PBXFileReference; lastKnownFileType = sourcecode.swift; path = SceneDelegate.swift; sourceTree = "<group>"; };
		A5684F6A2898C47500CAA2F3 /* ViewController.swift */ = {isa = PBXFileReference; lastKnownFileType = sourcecode.swift; path = ViewController.swift; sourceTree = "<group>"; };
		A5684F6F2898C47700CAA2F3 /* Assets.xcassets */ = {isa = PBXFileReference; lastKnownFileType = folder.assetcatalog; path = Assets.xcassets; sourceTree = "<group>"; };
		A5684F722898C47700CAA2F3 /* Base */ = {isa = PBXFileReference; lastKnownFileType = file.storyboard; name = Base; path = Base.lproj/LaunchScreen.storyboard; sourceTree = "<group>"; };
		A5684F742898C47700CAA2F3 /* Info.plist */ = {isa = PBXFileReference; lastKnownFileType = text.plist.xml; path = Info.plist; sourceTree = "<group>"; };
		A5684F792898C47700CAA2F3 /* ScrollViewviaCodeTests.xctest */ = {isa = PBXFileReference; explicitFileType = wrapper.cfbundle; includeInIndex = 0; path = ScrollViewviaCodeTests.xctest; sourceTree = BUILT_PRODUCTS_DIR; };
		A5684F7D2898C47700CAA2F3 /* ScrollViewviaCodeTests.swift */ = {isa = PBXFileReference; lastKnownFileType = sourcecode.swift; path = ScrollViewviaCodeTests.swift; sourceTree = "<group>"; };
		A5684F832898C47700CAA2F3 /* ScrollViewviaCodeUITests.xctest */ = {isa = PBXFileReference; explicitFileType = wrapper.cfbundle; includeInIndex = 0; path = ScrollViewviaCodeUITests.xctest; sourceTree = BUILT_PRODUCTS_DIR; };
		A5684F872898C47700CAA2F3 /* ScrollViewviaCodeUITests.swift */ = {isa = PBXFileReference; lastKnownFileType = sourcecode.swift; path = ScrollViewviaCodeUITests.swift; sourceTree = "<group>"; };
		A5684F892898C47700CAA2F3 /* ScrollViewviaCodeUITestsLaunchTests.swift */ = {isa = PBXFileReference; lastKnownFileType = sourcecode.swift; path = ScrollViewviaCodeUITestsLaunchTests.swift; sourceTree = "<group>"; };
/* End PBXFileReference section */

/* Begin PBXFrameworksBuildPhase section */
		A5684F602898C47500CAA2F3 /* Frameworks */ = {
			isa = PBXFrameworksBuildPhase;
			buildActionMask = 2147483647;
			files = (
			);
			runOnlyForDeploymentPostprocessing = 0;
		};
		A5684F762898C47700CAA2F3 /* Frameworks */ = {
			isa = PBXFrameworksBuildPhase;
			buildActionMask = 2147483647;
			files = (
			);
			runOnlyForDeploymentPostprocessing = 0;
		};
		A5684F802898C47700CAA2F3 /* Frameworks */ = {
			isa = PBXFrameworksBuildPhase;
			buildActionMask = 2147483647;
			files = (
			);
			runOnlyForDeploymentPostprocessing = 0;
		};
/* End PBXFrameworksBuildPhase section */

/* Begin PBXGroup section */
		A5684F5A2898C47500CAA2F3 = {
			isa = PBXGroup;
			children = (
				A5684F652898C47500CAA2F3 /* ScrollViewviaCode */,
				A5684F7C2898C47700CAA2F3 /* ScrollViewviaCodeTests */,
				A5684F862898C47700CAA2F3 /* ScrollViewviaCodeUITests */,
				A5684F642898C47500CAA2F3 /* Products */,
			);
			sourceTree = "<group>";
		};
		A5684F642898C47500CAA2F3 /* Products */ = {
			isa = PBXGroup;
			children = (
				A5684F632898C47500CAA2F3 /* ScrollViewviaCode.app */,
				A5684F792898C47700CAA2F3 /* ScrollViewviaCodeTests.xctest */,
				A5684F832898C47700CAA2F3 /* ScrollViewviaCodeUITests.xctest */,
			);
			name = Products;
			sourceTree = "<group>";
		};
		A5684F652898C47500CAA2F3 /* ScrollViewviaCode */ = {
			isa = PBXGroup;
			children = (
				A5684F662898C47500CAA2F3 /* AppDelegate.swift */,
				A5684F682898C47500CAA2F3 /* SceneDelegate.swift */,
				A5684F6A2898C47500CAA2F3 /* ViewController.swift */,
				A5684F6F2898C47700CAA2F3 /* Assets.xcassets */,
				A5684F712898C47700CAA2F3 /* LaunchScreen.storyboard */,
				A5684F742898C47700CAA2F3 /* Info.plist */,
			);
			path = ScrollViewviaCode;
			sourceTree = "<group>";
		};
		A5684F7C2898C47700CAA2F3 /* ScrollViewviaCodeTests */ = {
			isa = PBXGroup;
			children = (
				A5684F7D2898C47700CAA2F3 /* ScrollViewviaCodeTests.swift */,
			);
			path = ScrollViewviaCodeTests;
			sourceTree = "<group>";
		};
		A5684F862898C47700CAA2F3 /* ScrollViewviaCodeUITests */ = {
			isa = PBXGroup;
			children = (
				A5684F872898C47700CAA2F3 /* ScrollViewviaCodeUITests.swift */,
				A5684F892898C47700CAA2F3 /* ScrollViewviaCodeUITestsLaunchTests.swift */,
			);
			path = ScrollViewviaCodeUITests;
			sourceTree = "<group>";
		};
/* End PBXGroup section */

/* Begin PBXNativeTarget section */
		A5684F622898C47500CAA2F3 /* ScrollViewviaCode */ = {
			isa = PBXNativeTarget;
			buildConfigurationList = A5684F8D2898C47700CAA2F3 /* Build configuration list for PBXNativeTarget "ScrollViewviaCode" */;
			buildPhases = (
				A5684F5F2898C47500CAA2F3 /* Sources */,
				A5684F602898C47500CAA2F3 /* Frameworks */,
				A5684F612898C47500CAA2F3 /* Resources */,
			);
			buildRules = (
			);
			dependencies = (
			);
			name = ScrollViewviaCode;
			productName = ScrollViewviaCode;
			productReference = A5684F632898C47500CAA2F3 /* ScrollViewviaCode.app */;
			productType = "com.apple.product-type.application";
		};
		A5684F782898C47700CAA2F3 /* ScrollViewviaCodeTests */ = {
			isa = PBXNativeTarget;
			buildConfigurationList = A5684F902898C47700CAA2F3 /* Build configuration list for PBXNativeTarget "ScrollViewviaCodeTests" */;
			buildPhases = (
				A5684F752898C47700CAA2F3 /* Sources */,
				A5684F762898C47700CAA2F3 /* Frameworks */,
				A5684F772898C47700CAA2F3 /* Resources */,
			);
			buildRules = (
			);
			dependencies = (
				A5684F7B2898C47700CAA2F3 /* PBXTargetDependency */,
			);
			name = ScrollViewviaCodeTests;
			productName = ScrollViewviaCodeTests;
			productReference = A5684F792898C47700CAA2F3 /* ScrollViewviaCodeTests.xctest */;
			productType = "com.apple.product-type.bundle.unit-test";
		};
		A5684F822898C47700CAA2F3 /* ScrollViewviaCodeUITests */ = {
			isa = PBXNativeTarget;
			buildConfigurationList = A5684F932898C47700CAA2F3 /* Build configuration list for PBXNativeTarget "ScrollViewviaCodeUITests" */;
			buildPhases = (
				A5684F7F2898C47700CAA2F3 /* Sources */,
				A5684F802898C47700CAA2F3 /* Frameworks */,
				A5684F812898C47700CAA2F3 /* Resources */,
			);
			buildRules = (
			);
			dependencies = (
				A5684F852898C47700CAA2F3 /* PBXTargetDependency */,
			);
			name = ScrollViewviaCodeUITests;
			productName = ScrollViewviaCodeUITests;
			productReference = A5684F832898C47700CAA2F3 /* ScrollViewviaCodeUITests.xctest */;
			productType = "com.apple.product-type.bundle.ui-testing";
		};
/* End PBXNativeTarget section */

/* Begin PBXProject section */
		A5684F5B2898C47500CAA2F3 /* Project object */ = {
			isa = PBXProject;
			attributes = {
				BuildIndependentTargetsInParallel = 1;
				LastSwiftUpdateCheck = 1340;
				LastUpgradeCheck = 1340;
				TargetAttributes = {
					A5684F622898C47500CAA2F3 = {
						CreatedOnToolsVersion = 13.4.1;
					};
					A5684F782898C47700CAA2F3 = {
						CreatedOnToolsVersion = 13.4.1;
						TestTargetID = A5684F622898C47500CAA2F3;
					};
					A5684F822898C47700CAA2F3 = {
						CreatedOnToolsVersion = 13.4.1;
						TestTargetID = A5684F622898C47500CAA2F3;
					};
				};
			};
			buildConfigurationList = A5684F5E2898C47500CAA2F3 /* Build configuration list for PBXProject "ScrollViewviaCode" */;
			compatibilityVersion = "Xcode 13.0";
			developmentRegion = en;
			hasScannedForEncodings = 0;
			knownRegions = (
				en,
				Base,
			);
			mainGroup = A5684F5A2898C47500CAA2F3;
			productRefGroup = A5684F642898C47500CAA2F3 /* Products */;
			projectDirPath = "";
			projectRoot = "";
			targets = (
				A5684F622898C47500CAA2F3 /* ScrollViewviaCode */,
				A5684F782898C47700CAA2F3 /* ScrollViewviaCodeTests */,
				A5684F822898C47700CAA2F3 /* ScrollViewviaCodeUITests */,
			);
		};
/* End PBXProject section */

/* Begin PBXResourcesBuildPhase section */
		A5684F612898C47500CAA2F3 /* Resources */ = {
			isa = PBXResourcesBuildPhase;
			buildActionMask = 2147483647;
			files = (
				A5684F732898C47700CAA2F3 /* LaunchScreen.storyboard in Resources */,
				A5684F702898C47700CAA2F3 /* Assets.xcassets in Resources */,
			);
			runOnlyForDeploymentPostprocessing = 0;
		};
		A5684F772898C47700CAA2F3 /* Resources */ = {
			isa = PBXResourcesBuildPhase;
			buildActionMask = 2147483647;
			files = (
			);
			runOnlyForDeploymentPostprocessing = 0;
		};
		A5684F812898C47700CAA2F3 /* Resources */ = {
			isa = PBXResourcesBuildPhase;
			buildActionMask = 2147483647;
			files = (
			);
			runOnlyForDeploymentPostprocessing = 0;
		};
/* End PBXResourcesBuildPhase section */

/* Begin PBXSourcesBuildPhase section */
		A5684F5F2898C47500CAA2F3 /* Sources */ = {
			isa = PBXSourcesBuildPhase;
			buildActionMask = 2147483647;
			files = (
				A5684F6B2898C47500CAA2F3 /* ViewController.swift in Sources */,
				A5684F672898C47500CAA2F3 /* AppDelegate.swift in Sources */,
				A5684F692898C47500CAA2F3 /* SceneDelegate.swift in Sources */,
			);
			runOnlyForDeploymentPostprocessing = 0;
		};
		A5684F752898C47700CAA2F3 /* Sources */ = {
			isa = PBXSourcesBuildPhase;
			buildActionMask = 2147483647;
			files = (
				A5684F7E2898C47700CAA2F3 /* ScrollViewviaCodeTests.swift in Sources */,
			);
			runOnlyForDeploymentPostprocessing = 0;
		};
		A5684F7F2898C47700CAA2F3 /* Sources */ = {
			isa = PBXSourcesBuildPhase;
			buildActionMask = 2147483647;
			files = (
				A5684F8A2898C47700CAA2F3 /* ScrollViewviaCodeUITestsLaunchTests.swift in Sources */,
				A5684F882898C47700CAA2F3 /* ScrollViewviaCodeUITests.swift in Sources */,
			);
			runOnlyForDeploymentPostprocessing = 0;
		};
/* End PBXSourcesBuildPhase section */

/* Begin PBXTargetDependency section */
		A5684F7B2898C47700CAA2F3 /* PBXTargetDependency */ = {
			isa = PBXTargetDependency;
			target = A5684F622898C47500CAA2F3 /* ScrollViewviaCode */;
			targetProxy = A5684F7A2898C47700CAA2F3 /* PBXContainerItemProxy */;
		};
		A5684F852898C47700CAA2F3 /* PBXTargetDependency */ = {
			isa = PBXTargetDependency;
			target = A5684F622898C47500CAA2F3 /* ScrollViewviaCode */;
			targetProxy = A5684F842898C47700CAA2F3 /* PBXContainerItemProxy */;
		};
/* End PBXTargetDependency section */

/* Begin PBXVariantGroup section */
		A5684F712898C47700CAA2F3 /* LaunchScreen.storyboard */ = {
			isa = PBXVariantGroup;
			children = (
				A5684F722898C47700CAA2F3 /* Base */,
			);
			name = LaunchScreen.storyboard;
			sourceTree = "<group>";
		};
/* End PBXVariantGroup section */

/* Begin XCBuildConfiguration section */
		A5684F8B2898C47700CAA2F3 /* Debug */ = {
			isa = XCBuildConfiguration;
			buildSettings = {
				ALWAYS_SEARCH_USER_PATHS = NO;
				CLANG_ANALYZER_NONNULL = YES;
				CLANG_ANALYZER_NUMBER_OBJECT_CONVERSION = YES_AGGRESSIVE;
				CLANG_CXX_LANGUAGE_STANDARD = "gnu++17";
				CLANG_ENABLE_MODULES = YES;
				CLANG_ENABLE_OBJC_ARC = YES;
				CLANG_ENABLE_OBJC_WEAK = YES;
				CLANG_WARN_BLOCK_CAPTURE_AUTORELEASING = YES;
				CLANG_WARN_BOOL_CONVERSION = YES;
				CLANG_WARN_COMMA = YES;
				CLANG_WARN_CONSTANT_CONVERSION = YES;
				CLANG_WARN_DEPRECATED_OBJC_IMPLEMENTATIONS = YES;
				CLANG_WARN_DIRECT_OBJC_ISA_USAGE = YES_ERROR;
				CLANG_WARN_DOCUMENTATION_COMMENTS = YES;
				CLANG_WARN_EMPTY_BODY = YES;
				CLANG_WARN_ENUM_CONVERSION = YES;
				CLANG_WARN_INFINITE_RECURSION = YES;
				CLANG_WARN_INT_CONVERSION = YES;
				CLANG_WARN_NON_LITERAL_NULL_CONVERSION = YES;
				CLANG_WARN_OBJC_IMPLICIT_RETAIN_SELF = YES;
				CLANG_WARN_OBJC_LITERAL_CONVERSION = YES;
				CLANG_WARN_OBJC_ROOT_CLASS = YES_ERROR;
				CLANG_WARN_QUOTED_INCLUDE_IN_FRAMEWORK_HEADER = YES;
				CLANG_WARN_RANGE_LOOP_ANALYSIS = YES;
				CLANG_WARN_STRICT_PROTOTYPES = YES;
				CLANG_WARN_SUSPICIOUS_MOVE = YES;
				CLANG_WARN_UNGUARDED_AVAILABILITY = YES_AGGRESSIVE;
				CLANG_WARN_UNREACHABLE_CODE = YES;
				CLANG_WARN__DUPLICATE_METHOD_MATCH = YES;
				COPY_PHASE_STRIP = NO;
				DEBUG_INFORMATION_FORMAT = dwarf;
				ENABLE_STRICT_OBJC_MSGSEND = YES;
				ENABLE_TESTABILITY = YES;
				GCC_C_LANGUAGE_STANDARD = gnu11;
				GCC_DYNAMIC_NO_PIC = NO;
				GCC_NO_COMMON_BLOCKS = YES;
				GCC_OPTIMIZATION_LEVEL = 0;
				GCC_PREPROCESSOR_DEFINITIONS = (
					"DEBUG=1",
					"$(inherited)",
				);
				GCC_WARN_64_TO_32_BIT_CONVERSION = YES;
				GCC_WARN_ABOUT_RETURN_TYPE = YES_ERROR;
				GCC_WARN_UNDECLARED_SELECTOR = YES;
				GCC_WARN_UNINITIALIZED_AUTOS = YES_AGGRESSIVE;
				GCC_WARN_UNUSED_FUNCTION = YES;
				GCC_WARN_UNUSED_VARIABLE = YES;
				IPHONEOS_DEPLOYMENT_TARGET = 15.5;
				MTL_ENABLE_DEBUG_INFO = INCLUDE_SOURCE;
				MTL_FAST_MATH = YES;
				ONLY_ACTIVE_ARCH = YES;
				SDKROOT = iphoneos;
				SWIFT_ACTIVE_COMPILATION_CONDITIONS = DEBUG;
				SWIFT_OPTIMIZATION_LEVEL = "-Onone";
			};
			name = Debug;
		};
		A5684F8C2898C47700CAA2F3 /* Release */ = {
			isa = XCBuildConfiguration;
			buildSettings = {
				ALWAYS_SEARCH_USER_PATHS = NO;
				CLANG_ANALYZER_NONNULL = YES;
				CLANG_ANALYZER_NUMBER_OBJECT_CONVERSION = YES_AGGRESSIVE;
				CLANG_CXX_LANGUAGE_STANDARD = "gnu++17";
				CLANG_ENABLE_MODULES = YES;
				CLANG_ENABLE_OBJC_ARC = YES;
				CLANG_ENABLE_OBJC_WEAK = YES;
				CLANG_WARN_BLOCK_CAPTURE_AUTORELEASING = YES;
				CLANG_WARN_BOOL_CONVERSION = YES;
				CLANG_WARN_COMMA = YES;
				CLANG_WARN_CONSTANT_CONVERSION = YES;
				CLANG_WARN_DEPRECATED_OBJC_IMPLEMENTATIONS = YES;
				CLANG_WARN_DIRECT_OBJC_ISA_USAGE = YES_ERROR;
				CLANG_WARN_DOCUMENTATION_COMMENTS = YES;
				CLANG_WARN_EMPTY_BODY = YES;
				CLANG_WARN_ENUM_CONVERSION = YES;
				CLANG_WARN_INFINITE_RECURSION = YES;
				CLANG_WARN_INT_CONVERSION = YES;
				CLANG_WARN_NON_LITERAL_NULL_CONVERSION = YES;
				CLANG_WARN_OBJC_IMPLICIT_RETAIN_SELF = YES;
				CLANG_WARN_OBJC_LITERAL_CONVERSION = YES;
				CLANG_WARN_OBJC_ROOT_CLASS = YES_ERROR;
				CLANG_WARN_QUOTED_INCLUDE_IN_FRAMEWORK_HEADER = YES;
				CLANG_WARN_RANGE_LOOP_ANALYSIS = YES;
				CLANG_WARN_STRICT_PROTOTYPES = YES;
				CLANG_WARN_SUSPICIOUS_MOVE = YES;
				CLANG_WARN_UNGUARDED_AVAILABILITY = YES_AGGRESSIVE;
				CLANG_WARN_UNREACHABLE_CODE = YES;
				CLANG_WARN__DUPLICATE_METHOD_MATCH = YES;
				COPY_PHASE_STRIP = NO;
				DEBUG_INFORMATION_FORMAT = "dwarf-with-dsym";
				ENABLE_NS_ASSERTIONS = NO;
				ENABLE_STRICT_OBJC_MSGSEND = YES;
				GCC_C_LANGUAGE_STANDARD = gnu11;
				GCC_NO_COMMON_BLOCKS = YES;
				GCC_WARN_64_TO_32_BIT_CONVERSION = YES;
				GCC_WARN_ABOUT_RETURN_TYPE = YES_ERROR;
				GCC_WARN_UNDECLARED_SELECTOR = YES;
				GCC_WARN_UNINITIALIZED_AUTOS = YES_AGGRESSIVE;
				GCC_WARN_UNUSED_FUNCTION = YES;
				GCC_WARN_UNUSED_VARIABLE = YES;
				IPHONEOS_DEPLOYMENT_TARGET = 15.5;
				MTL_ENABLE_DEBUG_INFO = NO;
				MTL_FAST_MATH = YES;
				SDKROOT = iphoneos;
				SWIFT_COMPILATION_MODE = wholemodule;
				SWIFT_OPTIMIZATION_LEVEL = "-O";
				VALIDATE_PRODUCT = YES;
			};
			name = Release;
		};
		A5684F8E2898C47700CAA2F3 /* Debug */ = {
			isa = XCBuildConfiguration;
			buildSettings = {
				ASSETCATALOG_COMPILER_APPICON_NAME = AppIcon;
				ASSETCATALOG_COMPILER_GLOBAL_ACCENT_COLOR_NAME = AccentColor;
				CODE_SIGN_STYLE = Automatic;
				CURRENT_PROJECT_VERSION = 1;
				GENERATE_INFOPLIST_FILE = YES;
				INFOPLIST_FILE = ScrollViewviaCode/Info.plist;
				INFOPLIST_KEY_UIApplicationSupportsIndirectInputEvents = YES;
				INFOPLIST_KEY_UILaunchStoryboardName = LaunchScreen;
				INFOPLIST_KEY_UISupportedInterfaceOrientations = UIInterfaceOrientationPortrait;
				INFOPLIST_KEY_UISupportedInterfaceOrientations_iPad = "UIInterfaceOrientationPortrait UIInterfaceOrientationPortraitUpsideDown UIInterfaceOrientationLandscapeLeft UIInterfaceOrientationLandscapeRight";
				INFOPLIST_KEY_UISupportedInterfaceOrientations_iPhone = "UIInterfaceOrientationPortrait UIInterfaceOrientationLandscapeLeft UIInterfaceOrientationLandscapeRight";
				LD_RUNPATH_SEARCH_PATHS = (
					"$(inherited)",
					"@executable_path/Frameworks",
				);
				MARKETING_VERSION = 1.0;
				PRODUCT_BUNDLE_IDENTIFIER = example.ScrollViewviaCode;
				PRODUCT_NAME = "$(TARGET_NAME)";
				SWIFT_EMIT_LOC_STRINGS = YES;
				SWIFT_VERSION = 5.0;
				TARGETED_DEVICE_FAMILY = "1,2";
			};
			name = Debug;
		};
		A5684F8F2898C47700CAA2F3 /* Release */ = {
			isa = XCBuildConfiguration;
			buildSettings = {
				ASSETCATALOG_COMPILER_APPICON_NAME = AppIcon;
				ASSETCATALOG_COMPILER_GLOBAL_ACCENT_COLOR_NAME = AccentColor;
				CODE_SIGN_STYLE = Automatic;
				CURRENT_PROJECT_VERSION = 1;
				GENERATE_INFOPLIST_FILE = YES;
				INFOPLIST_FILE = ScrollViewviaCode/Info.plist;
				INFOPLIST_KEY_UIApplicationSupportsIndirectInputEvents = YES;
				INFOPLIST_KEY_UILaunchStoryboardName = LaunchScreen;
				INFOPLIST_KEY_UISupportedInterfaceOrientations = UIInterfaceOrientationPortrait;
				INFOPLIST_KEY_UISupportedInterfaceOrientations_iPad = "UIInterfaceOrientationPortrait UIInterfaceOrientationPortraitUpsideDown UIInterfaceOrientationLandscapeLeft UIInterfaceOrientationLandscapeRight";
				INFOPLIST_KEY_UISupportedInterfaceOrientations_iPhone = "UIInterfaceOrientationPortrait UIInterfaceOrientationLandscapeLeft UIInterfaceOrientationLandscapeRight";
				LD_RUNPATH_SEARCH_PATHS = (
					"$(inherited)",
					"@executable_path/Frameworks",
				);
				MARKETING_VERSION = 1.0;
				PRODUCT_BUNDLE_IDENTIFIER = example.ScrollViewviaCode;
				PRODUCT_NAME = "$(TARGET_NAME)";
				SWIFT_EMIT_LOC_STRINGS = YES;
				SWIFT_VERSION = 5.0;
				TARGETED_DEVICE_FAMILY = "1,2";
			};
			name = Release;
		};
		A5684F912898C47700CAA2F3 /* Debug */ = {
			isa = XCBuildConfiguration;
			buildSettings = {
				ALWAYS_EMBED_SWIFT_STANDARD_LIBRARIES = YES;
				BUNDLE_LOADER = "$(TEST_HOST)";
				CODE_SIGN_STYLE = Automatic;
				CURRENT_PROJECT_VERSION = 1;
				GENERATE_INFOPLIST_FILE = YES;
				IPHONEOS_DEPLOYMENT_TARGET = 15.5;
				MARKETING_VERSION = 1.0;
				PRODUCT_BUNDLE_IDENTIFIER = example.ScrollViewviaCodeTests;
				PRODUCT_NAME = "$(TARGET_NAME)";
				SWIFT_EMIT_LOC_STRINGS = NO;
				SWIFT_VERSION = 5.0;
				TARGETED_DEVICE_FAMILY = "1,2";
				TEST_HOST = "$(BUILT_PRODUCTS_DIR)/ScrollViewviaCode.app/ScrollViewviaCode";
			};
			name = Debug;
		};
		A5684F922898C47700CAA2F3 /* Release */ = {
			isa = XCBuildConfiguration;
			buildSettings = {
				ALWAYS_EMBED_SWIFT_STANDARD_LIBRARIES = YES;
				BUNDLE_LOADER = "$(TEST_HOST)";
				CODE_SIGN_STYLE = Automatic;
				CURRENT_PROJECT_VERSION = 1;
				GENERATE_INFOPLIST_FILE = YES;
				IPHONEOS_DEPLOYMENT_TARGET = 15.5;
				MARKETING_VERSION = 1.0;
				PRODUCT_BUNDLE_IDENTIFIER = example.ScrollViewviaCodeTests;
				PRODUCT_NAME = "$(TARGET_NAME)";
				SWIFT_EMIT_LOC_STRINGS = NO;
				SWIFT_VERSION = 5.0;
				TARGETED_DEVICE_FAMILY = "1,2";
				TEST_HOST = "$(BUILT_PRODUCTS_DIR)/ScrollViewviaCode.app/ScrollViewviaCode";
			};
			name = Release;
		};
		A5684F942898C47700CAA2F3 /* Debug */ = {
			isa = XCBuildConfiguration;
			buildSettings = {
				ALWAYS_EMBED_SWIFT_STANDARD_LIBRARIES = YES;
				CODE_SIGN_STYLE = Automatic;
				CURRENT_PROJECT_VERSION = 1;
				GENERATE_INFOPLIST_FILE = YES;
				MARKETING_VERSION = 1.0;
				PRODUCT_BUNDLE_IDENTIFIER = example.ScrollViewviaCodeUITests;
				PRODUCT_NAME = "$(TARGET_NAME)";
				SWIFT_EMIT_LOC_STRINGS = NO;
				SWIFT_VERSION = 5.0;
				TARGETED_DEVICE_FAMILY = "1,2";
				TEST_TARGET_NAME = ScrollViewviaCode;
			};
			name = Debug;
		};
		A5684F952898C47700CAA2F3 /* Release */ = {
			isa = XCBuildConfiguration;
			buildSettings = {
				ALWAYS_EMBED_SWIFT_STANDARD_LIBRARIES = YES;
				CODE_SIGN_STYLE = Automatic;
				CURRENT_PROJECT_VERSION = 1;
				GENERATE_INFOPLIST_FILE = YES;
				MARKETING_VERSION = 1.0;
				PRODUCT_BUNDLE_IDENTIFIER = example.ScrollViewviaCodeUITests;
				PRODUCT_NAME = "$(TARGET_NAME)";
				SWIFT_EMIT_LOC_STRINGS = NO;
				SWIFT_VERSION = 5.0;
				TARGETED_DEVICE_FAMILY = "1,2";
				TEST_TARGET_NAME = ScrollViewviaCode;
			};
			name = Release;
		};
/* End XCBuildConfiguration section */

/* Begin XCConfigurationList section */
		A5684F5E2898C47500CAA2F3 /* Build configuration list for PBXProject "ScrollViewviaCode" */ = {
			isa = XCConfigurationList;
			buildConfigurations = (
				A5684F8B2898C47700CAA2F3 /* Debug */,
				A5684F8C2898C47700CAA2F3 /* Release */,
			);
			defaultConfigurationIsVisible = 0;
			defaultConfigurationName = Release;
		};
		A5684F8D2898C47700CAA2F3 /* Build configuration list for PBXNativeTarget "ScrollViewviaCode" */ = {
			isa = XCConfigurationList;
			buildConfigurations = (
				A5684F8E2898C47700CAA2F3 /* Debug */,
				A5684F8F2898C47700CAA2F3 /* Release */,
			);
			defaultConfigurationIsVisible = 0;
			defaultConfigurationName = Release;
		};
		A5684F902898C47700CAA2F3 /* Build configuration list for PBXNativeTarget "ScrollViewviaCodeTests" */ = {
			isa = XCConfigurationList;
			buildConfigurations = (
				A5684F912898C47700CAA2F3 /* Debug */,
				A5684F922898C47700CAA2F3 /* Release */,
			);
			defaultConfigurationIsVisible = 0;
			defaultConfigurationName = Release;
		};
		A5684F932898C47700CAA2F3 /* Build configuration list for PBXNativeTarget "ScrollViewviaCodeUITests" */ = {
			isa = XCConfigurationList;
			buildConfigurations = (
				A5684F942898C47700CAA2F3 /* Debug */,
				A5684F952898C47700CAA2F3 /* Release */,
			);
			defaultConfigurationIsVisible = 0;
			defaultConfigurationName = Release;
		};
/* End XCConfigurationList section */
	};
	rootObject = A5684F5B2898C47500CAA2F3 /* Project object */;
}
